
Microsoft Visual Studio Solution File, Format Version 12.00
# Visual Studio Version 16
VisualStudioVersion = 16.0.30717.126
MinimumVisualStudioVersion = 10.0.40219.1
Project("{FAE04EC0-301F-11D3-BF4B-00C04F79EFBC}") = "SegaSaturn.NET.Imaging", "SegaSaturn.NET.Imaging.csproj", "{DBAE26C1-6B00-4727-B6CB-C4C41D9E438A}"
EndProject
Global
	GlobalSection(SolutionConfigurationPlatforms) = preSolution
		Debug|Any CPU = Debug|Any CPU
		Release|Any CPU = Release|Any CPU
	EndGlobalSection
	GlobalSection(ProjectConfigurationPlatforms) = postSolution
		{DBAE26C1-6B00-4727-B6CB-C4C41D9E438A}.Debug|Any CPU.ActiveCfg = Debug|Any CPU
		{DBAE26C1-6B00-4727-B6CB-C4C41D9E438A}.Debug|Any CPU.Build.0 = Debug|Any CPU
		{DBAE26C1-6B00-4727-B6CB-C4C41D9E438A}.Release|Any CPU.ActiveCfg = Release|Any CPU
		{DBAE26C1-6B00-4727-B6CB-C4C41D9E438A}.Release|Any CPU.Build.0 = Release|Any CPU
	EndGlobalSection
	GlobalSection(SolutionProperties) = preSolution
		HideSolutionNode = FALSE
	EndGlobalSection
	GlobalSection(ExtensibilityGlobals) = postSolution
		SolutionGuid = {C53DFFB3-6535-47E6-B6E8-93EF983DB55E}
	EndGlobalSection
EndGlobal
